
Microsoft Visual Studio Solution File, Format Version 12.00
# Visual Studio Version 17
VisualStudioVersion = 17.12.35707.178 d17.12
MinimumVisualStudioVersion = 10.0.40219.1
Project("{FAE04EC0-301F-11D3-BF4B-00C04F79EFBC}") = "Cifrado", "Cifrado\Cifrado.csproj", "{8911021C-84DA-4AD1-850E-8E5F7DB61211}"
EndProject
Project("{FAE04EC0-301F-11D3-BF4B-00C04F79EFBC}") = "Cifrado.Client", "Cifrado.Client\Cifrado.Client.csproj", "{4AE61E76-0A10-40DA-A66B-C3F67AF0572E}"
EndProject
Global
	GlobalSection(SolutionConfigurationPlatforms) = preSolution
		Debug|Any CPU = Debug|Any CPU
		Release|Any CPU = Release|Any CPU
	EndGlobalSection
	GlobalSection(ProjectConfigurationPlatforms) = postSolution
		{8911021C-84DA-4AD1-850E-8E5F7DB61211}.Debug|Any CPU.ActiveCfg = Debug|Any CPU
		{8911021C-84DA-4AD1-850E-8E5F7DB61211}.Debug|Any CPU.Build.0 = Debug|Any CPU
		{8911021C-84DA-4AD1-850E-8E5F7DB61211}.Release|Any CPU.ActiveCfg = Release|Any CPU
		{8911021C-84DA-4AD1-850E-8E5F7DB61211}.Release|Any CPU.Build.0 = Release|Any CPU
		{4AE61E76-0A10-40DA-A66B-C3F67AF0572E}.Debug|Any CPU.ActiveCfg = Debug|Any CPU
		{4AE61E76-0A10-40DA-A66B-C3F67AF0572E}.Debug|Any CPU.Build.0 = Debug|Any CPU
		{4AE61E76-0A10-40DA-A66B-C3F67AF0572E}.Release|Any CPU.ActiveCfg = Release|Any CPU
		{4AE61E76-0A10-40DA-A66B-C3F67AF0572E}.Release|Any CPU.Build.0 = Release|Any CPU
	EndGlobalSection
	GlobalSection(SolutionProperties) = preSolution
		HideSolutionNode = FALSE
	EndGlobalSection
EndGlobal
